
Microsoft Visual Studio Solution File, Format Version 12.00
# Visual Studio 15
VisualStudioVersion = 15.0.28307.1340
MinimumVisualStudioVersion = 10.0.40219.1
Project("{FAE04EC0-301F-11D3-BF4B-00C04F79EFBC}") = "ListGenericToDoUygulama", "ListGenericToDoUygulama\ListGenericToDoUygulama.csproj", "{0B6D8A5E-8ACB-4F2D-BE62-D4D2FAED1355}"
EndProject
Global
	GlobalSection(SolutionConfigurationPlatforms) = preSolution
		Debug|Any CPU = Debug|Any CPU
		Release|Any CPU = Release|Any CPU
	EndGlobalSection
	GlobalSection(ProjectConfigurationPlatforms) = postSolution
		{0B6D8A5E-8ACB-4F2D-BE62-D4D2FAED1355}.Debug|Any CPU.ActiveCfg = Debug|Any CPU
		{0B6D8A5E-8ACB-4F2D-BE62-D4D2FAED1355}.Debug|Any CPU.Build.0 = Debug|Any CPU
		{0B6D8A5E-8ACB-4F2D-BE62-D4D2FAED1355}.Release|Any CPU.ActiveCfg = Release|Any CPU
		{0B6D8A5E-8ACB-4F2D-BE62-D4D2FAED1355}.Release|Any CPU.Build.0 = Release|Any CPU
	EndGlobalSection
	GlobalSection(SolutionProperties) = preSolution
		HideSolutionNode = FALSE
	EndGlobalSection
	GlobalSection(ExtensibilityGlobals) = postSolution
		SolutionGuid = {53E974E3-ABDD-4021-837A-3D9D3E427655}
	EndGlobalSection
EndGlobal
